
Microsoft Visual Studio Solution File, Format Version 12.00
# Visual Studio 14
VisualStudioVersion = 14.0.25123.0
MinimumVisualStudioVersion = 10.0.40219.1
Project("{FAE04EC0-301F-11D3-BF4B-00C04F79EFBC}") = "0613HanNuo", "0613HanNuo\0613HanNuo.csproj", "{C615CDDC-405B-45F4-814C-8D5FBD278225}"
EndProject
Project("{FAE04EC0-301F-11D3-BF4B-00C04F79EFBC}") = "0613DPProblem", "0613DPProblem\0613DPProblem.csproj", "{5966EF2C-13C6-401D-AE6E-89F600349D14}"
EndProject
Project("{FAE04EC0-301F-11D3-BF4B-00C04F79EFBC}") = "0613BigestHouse", "0613BigestHouse\0613BigestHouse.csproj", "{5D38866D-20A5-4E3C-8BCB-3017F7B6E1B3}"
EndProject
Project("{FAE04EC0-301F-11D3-BF4B-00C04F79EFBC}") = "0620MergeSort", "0620MergeSort\0620MergeSort.csproj", "{10716A7C-2301-4615-B7BE-9A1B8B5B7788}"
EndProject
Project("{8BC9CEB8-8B4A-11D0-8D11-00A0C91BC942}") = "0706_216最长递增子序列", "0706_216最长递增子序列\0706_216最长递增子序列.vcxproj", "{6DB77ADE-C6C5-474E-9919-162D4859C612}"
EndProject
Project("{8BC9CEB8-8B4A-11D0-8D11-00A0C91BC942}") = "0706_217循环移位", "0706_217循环移位\0706_217循环移位.vcxproj", "{9A43B3FA-139B-4850-A6C2-E4D3C7FED2D5}"
EndProject
Project("{8BC9CEB8-8B4A-11D0-8D11-00A0C91BC942}") = "0706_32电话号码本", "0706_32电话号码本\0706_32电话号码本.vcxproj", "{D31F0EA5-1D88-46BA-9BC3-F5A074DB6BA3}"
EndProject
Project("{FAE04EC0-301F-11D3-BF4B-00C04F79EFBC}") = "0713_33计算字符串相似度", "0713_33计算字符串相似度\0713_33计算字符串相似度.csproj", "{196AB002-2AB8-4E5E-BA22-2D0D80FCC2D7}"
EndProject
Global
	GlobalSection(SolutionConfigurationPlatforms) = preSolution
		Debug|Any CPU = Debug|Any CPU
		Debug|x64 = Debug|x64
		Debug|x86 = Debug|x86
		Release|Any CPU = Release|Any CPU
		Release|x64 = Release|x64
		Release|x86 = Release|x86
	EndGlobalSection
	GlobalSection(ProjectConfigurationPlatforms) = postSolution
		{C615CDDC-405B-45F4-814C-8D5FBD278225}.Debug|Any CPU.ActiveCfg = Debug|Any CPU
		{C615CDDC-405B-45F4-814C-8D5FBD278225}.Debug|Any CPU.Build.0 = Debug|Any CPU
		{C615CDDC-405B-45F4-814C-8D5FBD278225}.Debug|x64.ActiveCfg = Debug|Any CPU
		{C615CDDC-405B-45F4-814C-8D5FBD278225}.Debug|x64.Build.0 = Debug|Any CPU
		{C615CDDC-405B-45F4-814C-8D5FBD278225}.Debug|x86.ActiveCfg = Debug|Any CPU
		{C615CDDC-405B-45F4-814C-8D5FBD278225}.Debug|x86.Build.0 = Debug|Any CPU
		{C615CDDC-405B-45F4-814C-8D5FBD278225}.Release|Any CPU.ActiveCfg = Release|Any CPU
		{C615CDDC-405B-45F4-814C-8D5FBD278225}.Release|Any CPU.Build.0 = Release|Any CPU
		{C615CDDC-405B-45F4-814C-8D5FBD278225}.Release|x64.ActiveCfg = Release|Any CPU
		{C615CDDC-405B-45F4-814C-8D5FBD278225}.Release|x64.Build.0 = Release|Any CPU
		{C615CDDC-405B-45F4-814C-8D5FBD278225}.Release|x86.ActiveCfg = Release|Any CPU
		{C615CDDC-405B-45F4-814C-8D5FBD278225}.Release|x86.Build.0 = Release|Any CPU
		{5966EF2C-13C6-401D-AE6E-89F600349D14}.Debug|Any CPU.ActiveCfg = Debug|Any CPU
		{5966EF2C-13C6-401D-AE6E-89F600349D14}.Debug|Any CPU.Build.0 = Debug|Any CPU
		{5966EF2C-13C6-401D-AE6E-89F600349D14}.Debug|x64.ActiveCfg = Debug|Any CPU
		{5966EF2C-13C6-401D-AE6E-89F600349D14}.Debug|x64.Build.0 = Debug|Any CPU
		{5966EF2C-13C6-401D-AE6E-89F600349D14}.Debug|x86.ActiveCfg = Debug|Any CPU
		{5966EF2C-13C6-401D-AE6E-89F600349D14}.Debug|x86.Build.0 = Debug|Any CPU
		{5966EF2C-13C6-401D-AE6E-89F600349D14}.Release|Any CPU.ActiveCfg = Release|Any CPU
		{5966EF2C-13C6-401D-AE6E-89F600349D14}.Release|Any CPU.Build.0 = Release|Any CPU
		{5966EF2C-13C6-401D-AE6E-89F600349D14}.Release|x64.ActiveCfg = Release|Any CPU
		{5966EF2C-13C6-401D-AE6E-89F600349D14}.Release|x64.Build.0 = Release|Any CPU
		{5966EF2C-13C6-401D-AE6E-89F600349D14}.Release|x86.ActiveCfg = Release|Any CPU
		{5966EF2C-13C6-401D-AE6E-89F600349D14}.Release|x86.Build.0 = Release|Any CPU
		{5D38866D-20A5-4E3C-8BCB-3017F7B6E1B3}.Debug|Any CPU.ActiveCfg = Debug|Any CPU
		{5D38866D-20A5-4E3C-8BCB-3017F7B6E1B3}.Debug|Any CPU.Build.0 = Debug|Any CPU
		{5D38866D-20A5-4E3C-8BCB-3017F7B6E1B3}.Debug|x64.ActiveCfg = Debug|Any CPU
		{5D38866D-20A5-4E3C-8BCB-3017F7B6E1B3}.Debug|x64.Build.0 = Debug|Any CPU
		{5D38866D-20A5-4E3C-8BCB-3017F7B6E1B3}.Debug|x86.ActiveCfg = Debug|Any CPU
		{5D38866D-20A5-4E3C-8BCB-3017F7B6E1B3}.Debug|x86.Build.0 = Debug|Any CPU
		{5D38866D-20A5-4E3C-8BCB-3017F7B6E1B3}.Release|Any CPU.ActiveCfg = Release|Any CPU
		{5D38866D-20A5-4E3C-8BCB-3017F7B6E1B3}.Release|Any CPU.Build.0 = Release|Any CPU
		{5D38866D-20A5-4E3C-8BCB-3017F7B6E1B3}.Release|x64.ActiveCfg = Release|Any CPU
		{5D38866D-20A5-4E3C-8BCB-3017F7B6E1B3}.Release|x64.Build.0 = Release|Any CPU
		{5D38866D-20A5-4E3C-8BCB-3017F7B6E1B3}.Release|x86.ActiveCfg = Release|Any CPU
		{5D38866D-20A5-4E3C-8BCB-3017F7B6E1B3}.Release|x86.Build.0 = Release|Any CPU
		{10716A7C-2301-4615-B7BE-9A1B8B5B7788}.Debug|Any CPU.ActiveCfg = Debug|Any CPU
		{10716A7C-2301-4615-B7BE-9A1B8B5B7788}.Debug|Any CPU.Build.0 = Debug|Any CPU
		{10716A7C-2301-4615-B7BE-9A1B8B5B7788}.Debug|x64.ActiveCfg = Debug|Any CPU
		{10716A7C-2301-4615-B7BE-9A1B8B5B7788}.Debug|x64.Build.0 = Debug|Any CPU
		{10716A7C-2301-4615-B7BE-9A1B8B5B7788}.Debug|x86.ActiveCfg = Debug|Any CPU
		{10716A7C-2301-4615-B7BE-9A1B8B5B7788}.Debug|x86.Build.0 = Debug|Any CPU
		{10716A7C-2301-4615-B7BE-9A1B8B5B7788}.Release|Any CPU.ActiveCfg = Release|Any CPU
		{10716A7C-2301-4615-B7BE-9A1B8B5B7788}.Release|Any CPU.Build.0 = Release|Any CPU
		{10716A7C-2301-4615-B7BE-9A1B8B5B7788}.Release|x64.ActiveCfg = Release|Any CPU
		{10716A7C-2301-4615-B7BE-9A1B8B5B7788}.Release|x64.Build.0 = Release|Any CPU
		{10716A7C-2301-4615-B7BE-9A1B8B5B7788}.Release|x86.ActiveCfg = Release|Any CPU
		{10716A7C-2301-4615-B7BE-9A1B8B5B7788}.Release|x86.Build.0 = Release|Any CPU
		{6DB77ADE-C6C5-474E-9919-162D4859C612}.Debug|Any CPU.ActiveCfg = Debug|Win32
		{6DB77ADE-C6C5-474E-9919-162D4859C612}.Debug|x64.ActiveCfg = Debug|x64
		{6DB77ADE-C6C5-474E-9919-162D4859C612}.Debug|x64.Build.0 = Debug|x64
		{6DB77ADE-C6C5-474E-9919-162D4859C612}.Debug|x86.ActiveCfg = Debug|Win32
		{6DB77ADE-C6C5-474E-9919-162D4859C612}.Debug|x86.Build.0 = Debug|Win32
		{6DB77ADE-C6C5-474E-9919-162D4859C612}.Release|Any CPU.ActiveCfg = Release|Win32
		{6DB77ADE-C6C5-474E-9919-162D4859C612}.Release|x64.ActiveCfg = Release|x64
		{6DB77ADE-C6C5-474E-9919-162D4859C612}.Release|x64.Build.0 = Release|x64
		{6DB77ADE-C6C5-474E-9919-162D4859C612}.Release|x86.ActiveCfg = Release|Win32
		{6DB77ADE-C6C5-474E-9919-162D4859C612}.Release|x86.Build.0 = Release|Win32
		{9A43B3FA-139B-4850-A6C2-E4D3C7FED2D5}.Debug|Any CPU.ActiveCfg = Debug|Win32
		{9A43B3FA-139B-4850-A6C2-E4D3C7FED2D5}.Debug|x64.ActiveCfg = Debug|x64
		{9A43B3FA-139B-4850-A6C2-E4D3C7FED2D5}.Debug|x64.Build.0 = Debug|x64
		{9A43B3FA-139B-4850-A6C2-E4D3C7FED2D5}.Debug|x86.ActiveCfg = Debug|Win32
		{9A43B3FA-139B-4850-A6C2-E4D3C7FED2D5}.Debug|x86.Build.0 = Debug|Win32
		{9A43B3FA-139B-4850-A6C2-E4D3C7FED2D5}.Release|Any CPU.ActiveCfg = Release|Win32
		{9A43B3FA-139B-4850-A6C2-E4D3C7FED2D5}.Release|x64.ActiveCfg = Release|x64
		{9A43B3FA-139B-4850-A6C2-E4D3C7FED2D5}.Release|x64.Build.0 = Release|x64
		{9A43B3FA-139B-4850-A6C2-E4D3C7FED2D5}.Release|x86.ActiveCfg = Release|Win32
		{9A43B3FA-139B-4850-A6C2-E4D3C7FED2D5}.Release|x86.Build.0 = Release|Win32
		{D31F0EA5-1D88-46BA-9BC3-F5A074DB6BA3}.Debug|Any CPU.ActiveCfg = Debug|Win32
		{D31F0EA5-1D88-46BA-9BC3-F5A074DB6BA3}.Debug|x64.ActiveCfg = Debug|x64
		{D31F0EA5-1D88-46BA-9BC3-F5A074DB6BA3}.Debug|x64.Build.0 = Debug|x64
		{D31F0EA5-1D88-46BA-9BC3-F5A074DB6BA3}.Debug|x86.ActiveCfg = Debug|Win32
		{D31F0EA5-1D88-46BA-9BC3-F5A074DB6BA3}.Debug|x86.Build.0 = Debug|Win32
		{D31F0EA5-1D88-46BA-9BC3-F5A074DB6BA3}.Release|Any CPU.ActiveCfg = Release|Win32
		{D31F0EA5-1D88-46BA-9BC3-F5A074DB6BA3}.Release|x64.ActiveCfg = Release|x64
		{D31F0EA5-1D88-46BA-9BC3-F5A074DB6BA3}.Release|x64.Build.0 = Release|x64
		{D31F0EA5-1D88-46BA-9BC3-F5A074DB6BA3}.Release|x86.ActiveCfg = Release|Win32
		{D31F0EA5-1D88-46BA-9BC3-F5A074DB6BA3}.Release|x86.Build.0 = Release|Win32
		{196AB002-2AB8-4E5E-BA22-2D0D80FCC2D7}.Debug|Any CPU.ActiveCfg = Debug|Any CPU
		{196AB002-2AB8-4E5E-BA22-2D0D80FCC2D7}.Debug|Any CPU.Build.0 = Debug|Any CPU
		{196AB002-2AB8-4E5E-BA22-2D0D80FCC2D7}.Debug|x64.ActiveCfg = Debug|Any CPU
		{196AB002-2AB8-4E5E-BA22-2D0D80FCC2D7}.Debug|x64.Build.0 = Debug|Any CPU
		{196AB002-2AB8-4E5E-BA22-2D0D80FCC2D7}.Debug|x86.ActiveCfg = Debug|Any CPU
		{196AB002-2AB8-4E5E-BA22-2D0D80FCC2D7}.Debug|x86.Build.0 = Debug|Any CPU
		{196AB002-2AB8-4E5E-BA22-2D0D80FCC2D7}.Release|Any CPU.ActiveCfg = Release|Any CPU
		{196AB002-2AB8-4E5E-BA22-2D0D80FCC2D7}.Release|Any CPU.Build.0 = Release|Any CPU
		{196AB002-2AB8-4E5E-BA22-2D0D80FCC2D7}.Release|x64.ActiveCfg = Release|Any CPU
		{196AB002-2AB8-4E5E-BA22-2D0D80FCC2D7}.Release|x64.Build.0 = Release|Any CPU
		{196AB002-2AB8-4E5E-BA22-2D0D80FCC2D7}.Release|x86.ActiveCfg = Release|Any CPU
		{196AB002-2AB8-4E5E-BA22-2D0D80FCC2D7}.Release|x86.Build.0 = Release|Any CPU
	EndGlobalSection
	GlobalSection(SolutionProperties) = preSolution
		HideSolutionNode = FALSE
	EndGlobalSection
EndGlobal
